
Microsoft Visual Studio Solution File, Format Version 12.00
# Visual Studio 15
Project("{FAE04EC0-301F-11D3-BF4B-00C04F79EFBC}") = "Assembly-CSharp-firstpass", "Assembly-CSharp-firstpass.csproj", "{9AD9820B-7BFA-379E-B0BB-00F0FB22E2F5}"
EndProject
Project("{FAE04EC0-301F-11D3-BF4B-00C04F79EFBC}") = "Assembly-CSharp", "Assembly-CSharp.csproj", "{732B58B0-5006-4640-F39E-98E19087D3A2}"
EndProject
Project("{FAE04EC0-301F-11D3-BF4B-00C04F79EFBC}") = "Assembly-CSharp-Editor", "Assembly-CSharp-Editor.csproj", "{001B3657-09C8-BDAD-46FC-4F8223DCBEAA}"
EndProject
Global
	GlobalSection(SolutionConfigurationPlatforms) = preSolution
		Debug|Any CPU = Debug|Any CPU
		Release|Any CPU = Release|Any CPU
	EndGlobalSection
	GlobalSection(ProjectConfigurationPlatforms) = postSolution
		{9AD9820B-7BFA-379E-B0BB-00F0FB22E2F5}.Debug|Any CPU.ActiveCfg = Debug|Any CPU
		{9AD9820B-7BFA-379E-B0BB-00F0FB22E2F5}.Debug|Any CPU.Build.0 = Debug|Any CPU
		{9AD9820B-7BFA-379E-B0BB-00F0FB22E2F5}.Release|Any CPU.ActiveCfg = Release|Any CPU
		{9AD9820B-7BFA-379E-B0BB-00F0FB22E2F5}.Release|Any CPU.Build.0 = Release|Any CPU
		{732B58B0-5006-4640-F39E-98E19087D3A2}.Debug|Any CPU.ActiveCfg = Debug|Any CPU
		{732B58B0-5006-4640-F39E-98E19087D3A2}.Debug|Any CPU.Build.0 = Debug|Any CPU
		{732B58B0-5006-4640-F39E-98E19087D3A2}.Release|Any CPU.ActiveCfg = Release|Any CPU
		{732B58B0-5006-4640-F39E-98E19087D3A2}.Release|Any CPU.Build.0 = Release|Any CPU
		{001B3657-09C8-BDAD-46FC-4F8223DCBEAA}.Debug|Any CPU.ActiveCfg = Debug|Any CPU
		{001B3657-09C8-BDAD-46FC-4F8223DCBEAA}.Debug|Any CPU.Build.0 = Debug|Any CPU
		{001B3657-09C8-BDAD-46FC-4F8223DCBEAA}.Release|Any CPU.ActiveCfg = Release|Any CPU
		{001B3657-09C8-BDAD-46FC-4F8223DCBEAA}.Release|Any CPU.Build.0 = Release|Any CPU
	EndGlobalSection
	GlobalSection(SolutionProperties) = preSolution
		HideSolutionNode = FALSE
	EndGlobalSection
EndGlobal
